
Microsoft Visual Studio Solution File, Format Version 12.00
# Visual Studio Version 17
VisualStudioVersion = 17.6.33829.357
MinimumVisualStudioVersion = 10.0.40219.1
Project("{FAE04EC0-301F-11D3-BF4B-00C04F79EFBC}") = "ebotnya", "ebotnya\ebotnya.csproj", "{9568355D-7588-430C-BBDA-4525728CFB14}"
EndProject
Global
	GlobalSection(SolutionConfigurationPlatforms) = preSolution
		Debug|Any CPU = Debug|Any CPU
		Release|Any CPU = Release|Any CPU
	EndGlobalSection
	GlobalSection(ProjectConfigurationPlatforms) = postSolution
		{9568355D-7588-430C-BBDA-4525728CFB14}.Debug|Any CPU.ActiveCfg = Debug|Any CPU
		{9568355D-7588-430C-BBDA-4525728CFB14}.Debug|Any CPU.Build.0 = Debug|Any CPU
		{9568355D-7588-430C-BBDA-4525728CFB14}.Release|Any CPU.ActiveCfg = Release|Any CPU
		{9568355D-7588-430C-BBDA-4525728CFB14}.Release|Any CPU.Build.0 = Release|Any CPU
	EndGlobalSection
	GlobalSection(SolutionProperties) = preSolution
		HideSolutionNode = FALSE
	EndGlobalSection
	GlobalSection(ExtensibilityGlobals) = postSolution
		SolutionGuid = {7FC5F3FF-CA68-45CC-8B93-47A9AECDDFAB}
	EndGlobalSection
EndGlobal
